
Microsoft Visual Studio Solution File, Format Version 12.00
# Visual Studio Version 16
VisualStudioVersion = 16.0.31205.134
MinimumVisualStudioVersion = 10.0.40219.1
Project("{FAE04EC0-301F-11D3-BF4B-00C04F79EFBC}") = "MQTTnetXamarinPrototyp.Android", "MQTTnetXamarinPrototyp.Android\MQTTnetXamarinPrototyp.Android.csproj", "{27FEDBAC-439C-4ED1-B30E-0DF1F03B2750}"
EndProject
Project("{FAE04EC0-301F-11D3-BF4B-00C04F79EFBC}") = "MQTTnetXamarinPrototyp.iOS", "MQTTnetXamarinPrototyp.iOS\MQTTnetXamarinPrototyp.iOS.csproj", "{42D93854-CE84-49B5-B29E-5A688C14D2B6}"
EndProject
Project("{9A19103F-16F7-4668-BE54-9A1E7A4F7556}") = "MQTTnetXamarinPrototyp", "MQTTnetXamarinPrototyp\MQTTnetXamarinPrototyp.csproj", "{502A42ED-3427-4229-A906-489CD59E0195}"
EndProject
Project("{FAE04EC0-301F-11D3-BF4B-00C04F79EFBC}") = "MQTTBroker", "MQTTBroker\MQTTBroker.csproj", "{8D9DEC3C-36CB-4CBE-9305-E6658F48B3FF}"
EndProject
Global
	GlobalSection(SolutionConfigurationPlatforms) = preSolution
		Debug|Any CPU = Debug|Any CPU
		Debug|iPhone = Debug|iPhone
		Debug|iPhoneSimulator = Debug|iPhoneSimulator
		Release|Any CPU = Release|Any CPU
		Release|iPhone = Release|iPhone
		Release|iPhoneSimulator = Release|iPhoneSimulator
	EndGlobalSection
	GlobalSection(ProjectConfigurationPlatforms) = postSolution
		{27FEDBAC-439C-4ED1-B30E-0DF1F03B2750}.Debug|Any CPU.ActiveCfg = Debug|Any CPU
		{27FEDBAC-439C-4ED1-B30E-0DF1F03B2750}.Debug|Any CPU.Build.0 = Debug|Any CPU
		{27FEDBAC-439C-4ED1-B30E-0DF1F03B2750}.Debug|Any CPU.Deploy.0 = Debug|Any CPU
		{27FEDBAC-439C-4ED1-B30E-0DF1F03B2750}.Debug|iPhone.ActiveCfg = Debug|Any CPU
		{27FEDBAC-439C-4ED1-B30E-0DF1F03B2750}.Debug|iPhone.Build.0 = Debug|Any CPU
		{27FEDBAC-439C-4ED1-B30E-0DF1F03B2750}.Debug|iPhone.Deploy.0 = Debug|Any CPU
		{27FEDBAC-439C-4ED1-B30E-0DF1F03B2750}.Debug|iPhoneSimulator.ActiveCfg = Debug|Any CPU
		{27FEDBAC-439C-4ED1-B30E-0DF1F03B2750}.Debug|iPhoneSimulator.Build.0 = Debug|Any CPU
		{27FEDBAC-439C-4ED1-B30E-0DF1F03B2750}.Debug|iPhoneSimulator.Deploy.0 = Debug|Any CPU
		{27FEDBAC-439C-4ED1-B30E-0DF1F03B2750}.Release|Any CPU.ActiveCfg = Release|Any CPU
		{27FEDBAC-439C-4ED1-B30E-0DF1F03B2750}.Release|Any CPU.Build.0 = Release|Any CPU
		{27FEDBAC-439C-4ED1-B30E-0DF1F03B2750}.Release|Any CPU.Deploy.0 = Release|Any CPU
		{27FEDBAC-439C-4ED1-B30E-0DF1F03B2750}.Release|iPhone.ActiveCfg = Release|Any CPU
		{27FEDBAC-439C-4ED1-B30E-0DF1F03B2750}.Release|iPhone.Build.0 = Release|Any CPU
		{27FEDBAC-439C-4ED1-B30E-0DF1F03B2750}.Release|iPhone.Deploy.0 = Release|Any CPU
		{27FEDBAC-439C-4ED1-B30E-0DF1F03B2750}.Release|iPhoneSimulator.ActiveCfg = Release|Any CPU
		{27FEDBAC-439C-4ED1-B30E-0DF1F03B2750}.Release|iPhoneSimulator.Build.0 = Release|Any CPU
		{27FEDBAC-439C-4ED1-B30E-0DF1F03B2750}.Release|iPhoneSimulator.Deploy.0 = Release|Any CPU
		{42D93854-CE84-49B5-B29E-5A688C14D2B6}.Debug|Any CPU.ActiveCfg = Debug|iPhone
		{42D93854-CE84-49B5-B29E-5A688C14D2B6}.Debug|Any CPU.Build.0 = Debug|iPhone
		{42D93854-CE84-49B5-B29E-5A688C14D2B6}.Debug|Any CPU.Deploy.0 = Debug|iPhone
		{42D93854-CE84-49B5-B29E-5A688C14D2B6}.Debug|iPhone.ActiveCfg = Debug|iPhone
		{42D93854-CE84-49B5-B29E-5A688C14D2B6}.Debug|iPhone.Build.0 = Debug|iPhone
		{42D93854-CE84-49B5-B29E-5A688C14D2B6}.Debug|iPhone.Deploy.0 = Debug|iPhone
		{42D93854-CE84-49B5-B29E-5A688C14D2B6}.Debug|iPhoneSimulator.ActiveCfg = Debug|iPhoneSimulator
		{42D93854-CE84-49B5-B29E-5A688C14D2B6}.Debug|iPhoneSimulator.Build.0 = Debug|iPhoneSimulator
		{42D93854-CE84-49B5-B29E-5A688C14D2B6}.Debug|iPhoneSimulator.Deploy.0 = Debug|iPhoneSimulator
		{42D93854-CE84-49B5-B29E-5A688C14D2B6}.Release|Any CPU.ActiveCfg = Release|iPhoneSimulator
		{42D93854-CE84-49B5-B29E-5A688C14D2B6}.Release|Any CPU.Build.0 = Release|iPhoneSimulator
		{42D93854-CE84-49B5-B29E-5A688C14D2B6}.Release|Any CPU.Deploy.0 = Release|iPhoneSimulator
		{42D93854-CE84-49B5-B29E-5A688C14D2B6}.Release|iPhone.ActiveCfg = Release|iPhone
		{42D93854-CE84-49B5-B29E-5A688C14D2B6}.Release|iPhone.Build.0 = Release|iPhone
		{42D93854-CE84-49B5-B29E-5A688C14D2B6}.Release|iPhone.Deploy.0 = Release|iPhone
		{42D93854-CE84-49B5-B29E-5A688C14D2B6}.Release|iPhoneSimulator.ActiveCfg = Release|iPhoneSimulator
		{42D93854-CE84-49B5-B29E-5A688C14D2B6}.Release|iPhoneSimulator.Build.0 = Release|iPhoneSimulator
		{42D93854-CE84-49B5-B29E-5A688C14D2B6}.Release|iPhoneSimulator.Deploy.0 = Release|iPhoneSimulator
		{502A42ED-3427-4229-A906-489CD59E0195}.Debug|Any CPU.ActiveCfg = Debug|Any CPU
		{502A42ED-3427-4229-A906-489CD59E0195}.Debug|Any CPU.Build.0 = Debug|Any CPU
		{502A42ED-3427-4229-A906-489CD59E0195}.Debug|Any CPU.Deploy.0 = Debug|Any CPU
		{502A42ED-3427-4229-A906-489CD59E0195}.Debug|iPhone.ActiveCfg = Debug|Any CPU
		{502A42ED-3427-4229-A906-489CD59E0195}.Debug|iPhone.Build.0 = Debug|Any CPU
		{502A42ED-3427-4229-A906-489CD59E0195}.Debug|iPhone.Deploy.0 = Debug|Any CPU
		{502A42ED-3427-4229-A906-489CD59E0195}.Debug|iPhoneSimulator.ActiveCfg = Debug|Any CPU
		{502A42ED-3427-4229-A906-489CD59E0195}.Debug|iPhoneSimulator.Build.0 = Debug|Any CPU
		{502A42ED-3427-4229-A906-489CD59E0195}.Debug|iPhoneSimulator.Deploy.0 = Debug|Any CPU
		{502A42ED-3427-4229-A906-489CD59E0195}.Release|Any CPU.ActiveCfg = Release|Any CPU
		{502A42ED-3427-4229-A906-489CD59E0195}.Release|Any CPU.Build.0 = Release|Any CPU
		{502A42ED-3427-4229-A906-489CD59E0195}.Release|Any CPU.Deploy.0 = Release|Any CPU
		{502A42ED-3427-4229-A906-489CD59E0195}.Release|iPhone.ActiveCfg = Release|Any CPU
		{502A42ED-3427-4229-A906-489CD59E0195}.Release|iPhone.Build.0 = Release|Any CPU
		{502A42ED-3427-4229-A906-489CD59E0195}.Release|iPhone.Deploy.0 = Release|Any CPU
		{502A42ED-3427-4229-A906-489CD59E0195}.Release|iPhoneSimulator.ActiveCfg = Release|Any CPU
		{502A42ED-3427-4229-A906-489CD59E0195}.Release|iPhoneSimulator.Build.0 = Release|Any CPU
		{502A42ED-3427-4229-A906-489CD59E0195}.Release|iPhoneSimulator.Deploy.0 = Release|Any CPU
		{8D9DEC3C-36CB-4CBE-9305-E6658F48B3FF}.Debug|Any CPU.ActiveCfg = Debug|Any CPU
		{8D9DEC3C-36CB-4CBE-9305-E6658F48B3FF}.Debug|Any CPU.Build.0 = Debug|Any CPU
		{8D9DEC3C-36CB-4CBE-9305-E6658F48B3FF}.Debug|iPhone.ActiveCfg = Debug|Any CPU
		{8D9DEC3C-36CB-4CBE-9305-E6658F48B3FF}.Debug|iPhone.Build.0 = Debug|Any CPU
		{8D9DEC3C-36CB-4CBE-9305-E6658F48B3FF}.Debug|iPhoneSimulator.ActiveCfg = Debug|Any CPU
		{8D9DEC3C-36CB-4CBE-9305-E6658F48B3FF}.Debug|iPhoneSimulator.Build.0 = Debug|Any CPU
		{8D9DEC3C-36CB-4CBE-9305-E6658F48B3FF}.Release|Any CPU.ActiveCfg = Release|Any CPU
		{8D9DEC3C-36CB-4CBE-9305-E6658F48B3FF}.Release|Any CPU.Build.0 = Release|Any CPU
		{8D9DEC3C-36CB-4CBE-9305-E6658F48B3FF}.Release|iPhone.ActiveCfg = Release|Any CPU
		{8D9DEC3C-36CB-4CBE-9305-E6658F48B3FF}.Release|iPhone.Build.0 = Release|Any CPU
		{8D9DEC3C-36CB-4CBE-9305-E6658F48B3FF}.Release|iPhoneSimulator.ActiveCfg = Release|Any CPU
		{8D9DEC3C-36CB-4CBE-9305-E6658F48B3FF}.Release|iPhoneSimulator.Build.0 = Release|Any CPU
	EndGlobalSection
	GlobalSection(SolutionProperties) = preSolution
		HideSolutionNode = FALSE
	EndGlobalSection
	GlobalSection(ExtensibilityGlobals) = postSolution
		SolutionGuid = {7E869EF5-3E1D-4E7F-8C1A-B0EFC48DC676}
	EndGlobalSection
EndGlobal
